{
  "nodes": {
    "home-manager": {
      "inputs": {
        "nixpkgs": "nixpkgs"
      },
      "locked": {
        "lastModified": 1633060185,
        "narHash": "sha256-VEVXt9g8+NTlL5/auCjF+zozp5WdXaDhunKPA+Whedg=",
        "owner": "nix-community",
        "repo": "home-manager",
        "rev": "66d9dbfa36f59748e06bb30cd98b3f4ad76cd482",
        "type": "github"
      },
      "original": {
        "owner": "nix-community",
        "repo": "home-manager",
        "type": "github"
      }
    },
    "nixos-hardware": {
      "locked": {
        "lastModified": 1632990363,
        "narHash": "sha256-SNqz+9Vt4yDHqw8u/CMFdzMQTulKoMlVGJdshfcb5O0=",
        "owner": "NixOS",
        "repo": "nixos-hardware",
        "rev": "0a8b8054c9920368a3c15e6d766188fdf04b736f",
        "type": "github"
      },
      "original": {
        "owner": "NixOS",
        "ref": "master",
        "repo": "nixos-hardware",
        "type": "github"
      }
    },
    "nixpkgs": {
      "locked": {
        "lastModified": 1633098617,
        "narHash": "sha256-cw6aNpovnZBb7mn8NAZPnLuYTtGguhy6wvS0jAXz4zU=",
        "owner": "NixOS",
        "repo": "nixpkgs",
        "rev": "78f5523aae55096c5c517efc212b93c1b3253f81",
        "type": "github"
      },
      "original": {
        "id": "nixpkgs",
        "type": "indirect"
      }
    },
    "nixpkgs_2": {
      "locked": {
        "lastModified": 1640139330,
        "narHash": "sha256-Nkp3wUOGwtoQ7EH28RLVJ7EqB/e0TU7VcsM7GLy+SdY=",
        "owner": "nixos",
        "repo": "nixpkgs",
        "rev": "81cef6b70fb5d5cdba5a0fef3f714c2dadaf0d6d",
        "type": "github"
      },
      "original": {
        "owner": "nixos",
        "ref": "nixos-unstable",
        "repo": "nixpkgs",
        "type": "github"
      }
    },
    "root": {
      "inputs": {
        "home-manager": "home-manager",
        "nixos-hardware": "nixos-hardware",
        "nixpkgs": "nixpkgs_2"
      }
    }
  },
  "root": "root",
  "version": 7
}
